
Microsoft Visual Studio Solution File, Format Version 12.00
# Visual Studio 2012
Project("{FAE04EC0-301F-11D3-BF4B-00C04F79EFBC}") = "prjVelocity", "prjVelocity\prjVelocity.csproj", "{EAF0B86F-31FD-4B07-B671-55A20CFE7D47}"
EndProject
Global
	GlobalSection(SolutionConfigurationPlatforms) = preSolution
		Debug|Any CPU = Debug|Any CPU
		Release|Any CPU = Release|Any CPU
	EndGlobalSection
	GlobalSection(ProjectConfigurationPlatforms) = postSolution
		{EAF0B86F-31FD-4B07-B671-55A20CFE7D47}.Debug|Any CPU.ActiveCfg = Debug|Any CPU
		{EAF0B86F-31FD-4B07-B671-55A20CFE7D47}.Debug|Any CPU.Build.0 = Debug|Any CPU
		{EAF0B86F-31FD-4B07-B671-55A20CFE7D47}.Release|Any CPU.ActiveCfg = Release|Any CPU
		{EAF0B86F-31FD-4B07-B671-55A20CFE7D47}.Release|Any CPU.Build.0 = Release|Any CPU
	EndGlobalSection
	GlobalSection(SolutionProperties) = preSolution
		HideSolutionNode = FALSE
	EndGlobalSection
EndGlobal
